// !$*UTF8*$!
{
	archiveVersion = 1;
	classes = {
	};
	objectVersion = 50;
	objects = {

/* Begin PBXBuildFile section */
		A2413AB12098AAA9007E4B29 /* AppDelegate.swift in Sources */ = {isa = PBXBuildFile; fileRef = A2413AB02098AAA9007E4B29 /* AppDelegate.swift */; };
		A2413AB32098AAA9007E4B29 /* MasterViewController.swift in Sources */ = {isa = PBXBuildFile; fileRef = A2413AB22098AAA9007E4B29 /* MasterViewController.swift */; };
		A2413AB52098AAA9007E4B29 /* DetailViewController.swift in Sources */ = {isa = PBXBuildFile; fileRef = A2413AB42098AAA9007E4B29 /* DetailViewController.swift */; };
		A2413AB82098AAA9007E4B29 /* Main.storyboard in Resources */ = {isa = PBXBuildFile; fileRef = A2413AB62098AAA9007E4B29 /* Main.storyboard */; };
		A2413ABA2098AAAA007E4B29 /* Assets.xcassets in Resources */ = {isa = PBXBuildFile; fileRef = A2413AB92098AAAA007E4B29 /* Assets.xcassets */; };
		A2413ABD2098AAAA007E4B29 /* LaunchScreen.storyboard in Resources */ = {isa = PBXBuildFile; fileRef = A2413ABB2098AAAA007E4B29 /* LaunchScreen.storyboard */; };
		A2413AC82098AAAA007E4B29 /* swift_mobile_developer_pretestTests.swift in Sources */ = {isa = PBXBuildFile; fileRef = A2413AC72098AAAA007E4B29 /* swift_mobile_developer_pretestTests.swift */; };
/* End PBXBuildFile section */

/* Begin PBXContainerItemProxy section */
		A2413AC42098AAAA007E4B29 /* PBXContainerItemProxy */ = {
			isa = PBXContainerItemProxy;
			containerPortal = A2413AA52098AAA9007E4B29 /* Project object */;
			proxyType = 1;
			remoteGlobalIDString = A2413AAC2098AAA9007E4B29;
			remoteInfo = "swift_mobile-developer-pretest";
		};
/* End PBXContainerItemProxy section */

/* Begin PBXFileReference section */
		A2413AAD2098AAA9007E4B29 /* swift_mobile-developer-pretest.app */ = {isa = PBXFileReference; explicitFileType = wrapper.application; includeInIndex = 0; path = "swift_mobile-developer-pretest.app"; sourceTree = BUILT_PRODUCTS_DIR; };
		A2413AB02098AAA9007E4B29 /* AppDelegate.swift */ = {isa = PBXFileReference; lastKnownFileType = sourcecode.swift; path = AppDelegate.swift; sourceTree = "<group>"; };
		A2413AB22098AAA9007E4B29 /* MasterViewController.swift */ = {isa = PBXFileReference; lastKnownFileType = sourcecode.swift; path = MasterViewController.swift; sourceTree = "<group>"; };
		A2413AB42098AAA9007E4B29 /* DetailViewController.swift */ = {isa = PBXFileReference; lastKnownFileType = sourcecode.swift; path = DetailViewController.swift; sourceTree = "<group>"; };
		A2413AB72098AAA9007E4B29 /* Base */ = {isa = PBXFileReference; lastKnownFileType = file.storyboard; name = Base; path = Base.lproj/Main.storyboard; sourceTree = "<group>"; };
		A2413AB92098AAAA007E4B29 /* Assets.xcassets */ = {isa = PBXFileReference; lastKnownFileType = folder.assetcatalog; path = Assets.xcassets; sourceTree = "<group>"; };
		A2413ABC2098AAAA007E4B29 /* Base */ = {isa = PBXFileReference; lastKnownFileType = file.storyboard; name = Base; path = Base.lproj/LaunchScreen.storyboard; sourceTree = "<group>"; };
		A2413ABE2098AAAA007E4B29 /* Info.plist */ = {isa = PBXFileReference; lastKnownFileType = text.plist.xml; path = Info.plist; sourceTree = "<group>"; };
		A2413AC32098AAAA007E4B29 /* swift_mobile-developer-pretestTests.xctest */ = {isa = PBXFileReference; explicitFileType = wrapper.cfbundle; includeInIndex = 0; path = "swift_mobile-developer-pretestTests.xctest"; sourceTree = BUILT_PRODUCTS_DIR; };
		A2413AC72098AAAA007E4B29 /* swift_mobile_developer_pretestTests.swift */ = {isa = PBXFileReference; lastKnownFileType = sourcecode.swift; path = swift_mobile_developer_pretestTests.swift; sourceTree = "<group>"; };
		A2413AC92098AAAA007E4B29 /* Info.plist */ = {isa = PBXFileReference; lastKnownFileType = text.plist.xml; path = Info.plist; sourceTree = "<group>"; };
/* End PBXFileReference section */

/* Begin PBXFrameworksBuildPhase section */
		A2413AAA2098AAA9007E4B29 /* Frameworks */ = {
			isa = PBXFrameworksBuildPhase;
			buildActionMask = 2147483647;
			files = (
			);
			runOnlyForDeploymentPostprocessing = 0;
		};
		A2413AC02098AAAA007E4B29 /* Frameworks */ = {
			isa = PBXFrameworksBuildPhase;
			buildActionMask = 2147483647;
			files = (
			);
			runOnlyForDeploymentPostprocessing = 0;
		};
/* End PBXFrameworksBuildPhase section */

/* Begin PBXGroup section */
		A2413AA42098AAA9007E4B29 = {
			isa = PBXGroup;
			children = (
				A2413AAF2098AAA9007E4B29 /* swift_mobile-developer-pretest */,
				A2413AC62098AAAA007E4B29 /* swift_mobile-developer-pretestTests */,
				A2413AAE2098AAA9007E4B29 /* Products */,
			);
			sourceTree = "<group>";
		};
		A2413AAE2098AAA9007E4B29 /* Products */ = {
			isa = PBXGroup;
			children = (
				A2413AAD2098AAA9007E4B29 /* swift_mobile-developer-pretest.app */,
				A2413AC32098AAAA007E4B29 /* swift_mobile-developer-pretestTests.xctest */,
			);
			name = Products;
			sourceTree = "<group>";
		};
		A2413AAF2098AAA9007E4B29 /* swift_mobile-developer-pretest */ = {
			isa = PBXGroup;
			children = (
				A2413AB02098AAA9007E4B29 /* AppDelegate.swift */,
				A2413AB22098AAA9007E4B29 /* MasterViewController.swift */,
				A2413AB42098AAA9007E4B29 /* DetailViewController.swift */,
				A2413AB62098AAA9007E4B29 /* Main.storyboard */,
				A2413AB92098AAAA007E4B29 /* Assets.xcassets */,
				A2413ABB2098AAAA007E4B29 /* LaunchScreen.storyboard */,
				A2413ABE2098AAAA007E4B29 /* Info.plist */,
			);
			path = "swift_mobile-developer-pretest";
			sourceTree = "<group>";
		};
		A2413AC62098AAAA007E4B29 /* swift_mobile-developer-pretestTests */ = {
			isa = PBXGroup;
			children = (
				A2413AC72098AAAA007E4B29 /* swift_mobile_developer_pretestTests.swift */,
				A2413AC92098AAAA007E4B29 /* Info.plist */,
			);
			path = "swift_mobile-developer-pretestTests";
			sourceTree = "<group>";
		};
/* End PBXGroup section */

/* Begin PBXNativeTarget section */
		A2413AAC2098AAA9007E4B29 /* swift_mobile-developer-pretest */ = {
			isa = PBXNativeTarget;
			buildConfigurationList = A2413ACC2098AAAA007E4B29 /* Build configuration list for PBXNativeTarget "swift_mobile-developer-pretest" */;
			buildPhases = (
				A2413AA92098AAA9007E4B29 /* Sources */,
				A2413AAA2098AAA9007E4B29 /* Frameworks */,
				A2413AAB2098AAA9007E4B29 /* Resources */,
			);
			buildRules = (
			);
			dependencies = (
			);
			name = "swift_mobile-developer-pretest";
			productName = "swift_mobile-developer-pretest";
			productReference = A2413AAD2098AAA9007E4B29 /* swift_mobile-developer-pretest.app */;
			productType = "com.apple.product-type.application";
		};
		A2413AC22098AAAA007E4B29 /* swift_mobile-developer-pretestTests */ = {
			isa = PBXNativeTarget;
			buildConfigurationList = A2413ACF2098AAAA007E4B29 /* Build configuration list for PBXNativeTarget "swift_mobile-developer-pretestTests" */;
			buildPhases = (
				A2413ABF2098AAAA007E4B29 /* Sources */,
				A2413AC02098AAAA007E4B29 /* Frameworks */,
				A2413AC12098AAAA007E4B29 /* Resources */,
			);
			buildRules = (
			);
			dependencies = (
				A2413AC52098AAAA007E4B29 /* PBXTargetDependency */,
			);
			name = "swift_mobile-developer-pretestTests";
			productName = "swift_mobile-developer-pretestTests";
			productReference = A2413AC32098AAAA007E4B29 /* swift_mobile-developer-pretestTests.xctest */;
			productType = "com.apple.product-type.bundle.unit-test";
		};
/* End PBXNativeTarget section */

/* Begin PBXProject section */
		A2413AA52098AAA9007E4B29 /* Project object */ = {
			isa = PBXProject;
			attributes = {
				LastSwiftUpdateCheck = 0930;
				LastUpgradeCheck = 0930;
				ORGANIZATIONNAME = "Lin Cheng Lung";
				TargetAttributes = {
					A2413AAC2098AAA9007E4B29 = {
						CreatedOnToolsVersion = 9.3;
					};
					A2413AC22098AAAA007E4B29 = {
						CreatedOnToolsVersion = 9.3;
						TestTargetID = A2413AAC2098AAA9007E4B29;
					};
				};
			};
			buildConfigurationList = A2413AA82098AAA9007E4B29 /* Build configuration list for PBXProject "swift_mobile-developer-pretest" */;
			compatibilityVersion = "Xcode 9.3";
			developmentRegion = en;
			hasScannedForEncodings = 0;
			knownRegions = (
				en,
				Base,
			);
			mainGroup = A2413AA42098AAA9007E4B29;
			productRefGroup = A2413AAE2098AAA9007E4B29 /* Products */;
			projectDirPath = "";
			projectRoot = "";
			targets = (
				A2413AAC2098AAA9007E4B29 /* swift_mobile-developer-pretest */,
				A2413AC22098AAAA007E4B29 /* swift_mobile-developer-pretestTests */,
			);
		};
/* End PBXProject section */

/* Begin PBXResourcesBuildPhase section */
		A2413AAB2098AAA9007E4B29 /* Resources */ = {
			isa = PBXResourcesBuildPhase;
			buildActionMask = 2147483647;
			files = (
				A2413ABD2098AAAA007E4B29 /* LaunchScreen.storyboard in Resources */,
				A2413ABA2098AAAA007E4B29 /* Assets.xcassets in Resources */,
				A2413AB82098AAA9007E4B29 /* Main.storyboard in Resources */,
			);
			runOnlyForDeploymentPostprocessing = 0;
		};
		A2413AC12098AAAA007E4B29 /* Resources */ = {
			isa = PBXResourcesBuildPhase;
			buildActionMask = 2147483647;
			files = (
			);
			runOnlyForDeploymentPostprocessing = 0;
		};
/* End PBXResourcesBuildPhase section */

/* Begin PBXSourcesBuildPhase section */
		A2413AA92098AAA9007E4B29 /* Sources */ = {
			isa = PBXSourcesBuildPhase;
			buildActionMask = 2147483647;
			files = (
				A2413AB52098AAA9007E4B29 /* DetailViewController.swift in Sources */,
				A2413AB32098AAA9007E4B29 /* MasterViewController.swift in Sources */,
				A2413AB12098AAA9007E4B29 /* AppDelegate.swift in Sources */,
			);
			runOnlyForDeploymentPostprocessing = 0;
		};
		A2413ABF2098AAAA007E4B29 /* Sources */ = {
			isa = PBXSourcesBuildPhase;
			buildActionMask = 2147483647;
			files = (
				A2413AC82098AAAA007E4B29 /* swift_mobile_developer_pretestTests.swift in Sources */,
			);
			runOnlyForDeploymentPostprocessing = 0;
		};
/* End PBXSourcesBuildPhase section */

/* Begin PBXTargetDependency section */
		A2413AC52098AAAA007E4B29 /* PBXTargetDependency */ = {
			isa = PBXTargetDependency;
			target = A2413AAC2098AAA9007E4B29 /* swift_mobile-developer-pretest */;
			targetProxy = A2413AC42098AAAA007E4B29 /* PBXContainerItemProxy */;
		};
/* End PBXTargetDependency section */

/* Begin PBXVariantGroup section */
		A2413AB62098AAA9007E4B29 /* Main.storyboard */ = {
			isa = PBXVariantGroup;
			children = (
				A2413AB72098AAA9007E4B29 /* Base */,
			);
			name = Main.storyboard;
			sourceTree = "<group>";
		};
		A2413ABB2098AAAA007E4B29 /* LaunchScreen.storyboard */ = {
			isa = PBXVariantGroup;
			children = (
				A2413ABC2098AAAA007E4B29 /* Base */,
			);
			name = LaunchScreen.storyboard;
			sourceTree = "<group>";
		};
/* End PBXVariantGroup section */

/* Begin XCBuildConfiguration section */
		A2413ACA2098AAAA007E4B29 /* Debug */ = {
			isa = XCBuildConfiguration;
			buildSettings = {
				ALWAYS_SEARCH_USER_PATHS = NO;
				CLANG_ANALYZER_NONNULL = YES;
				CLANG_ANALYZER_NUMBER_OBJECT_CONVERSION = YES_AGGRESSIVE;
				CLANG_CXX_LANGUAGE_STANDARD = "gnu++14";
				CLANG_CXX_LIBRARY = "libc++";
				CLANG_ENABLE_MODULES = YES;
				CLANG_ENABLE_OBJC_ARC = YES;
				CLANG_ENABLE_OBJC_WEAK = YES;
				CLANG_WARN_BLOCK_CAPTURE_AUTORELEASING = YES;
				CLANG_WARN_BOOL_CONVERSION = YES;
				CLANG_WARN_COMMA = YES;
				CLANG_WARN_CONSTANT_CONVERSION = YES;
				CLANG_WARN_DEPRECATED_OBJC_IMPLEMENTATIONS = YES;
				CLANG_WARN_DIRECT_OBJC_ISA_USAGE = YES_ERROR;
				CLANG_WARN_DOCUMENTATION_COMMENTS = YES;
				CLANG_WARN_EMPTY_BODY = YES;
				CLANG_WARN_ENUM_CONVERSION = YES;
				CLANG_WARN_INFINITE_RECURSION = YES;
				CLANG_WARN_INT_CONVERSION = YES;
				CLANG_WARN_NON_LITERAL_NULL_CONVERSION = YES;
				CLANG_WARN_OBJC_IMPLICIT_RETAIN_SELF = YES;
				CLANG_WARN_OBJC_LITERAL_CONVERSION = YES;
				CLANG_WARN_OBJC_ROOT_CLASS = YES_ERROR;
				CLANG_WARN_RANGE_LOOP_ANALYSIS = YES;
				CLANG_WARN_STRICT_PROTOTYPES = YES;
				CLANG_WARN_SUSPICIOUS_MOVE = YES;
				CLANG_WARN_UNGUARDED_AVAILABILITY = YES_AGGRESSIVE;
				CLANG_WARN_UNREACHABLE_CODE = YES;
				CLANG_WARN__DUPLICATE_METHOD_MATCH = YES;
				CODE_SIGN_IDENTITY = "iPhone Developer";
				COPY_PHASE_STRIP = NO;
				DEBUG_INFORMATION_FORMAT = dwarf;
				ENABLE_STRICT_OBJC_MSGSEND = YES;
				ENABLE_TESTABILITY = YES;
				GCC_C_LANGUAGE_STANDARD = gnu11;
				GCC_DYNAMIC_NO_PIC = NO;
				GCC_NO_COMMON_BLOCKS = YES;
				GCC_OPTIMIZATION_LEVEL = 0;
				GCC_PREPROCESSOR_DEFINITIONS = (
					"DEBUG=1",
					"$(inherited)",
				);
				GCC_WARN_64_TO_32_BIT_CONVERSION = YES;
				GCC_WARN_ABOUT_RETURN_TYPE = YES_ERROR;
				GCC_WARN_UNDECLARED_SELECTOR = YES;
				GCC_WARN_UNINITIALIZED_AUTOS = YES_AGGRESSIVE;
				GCC_WARN_UNUSED_FUNCTION = YES;
				GCC_WARN_UNUSED_VARIABLE = YES;
				IPHONEOS_DEPLOYMENT_TARGET = 11.3;
				MTL_ENABLE_DEBUG_INFO = YES;
				ONLY_ACTIVE_ARCH = YES;
				SDKROOT = iphoneos;
				SWIFT_ACTIVE_COMPILATION_CONDITIONS = DEBUG;
				SWIFT_OPTIMIZATION_LEVEL = "-Onone";
			};
			name = Debug;
		};
		A2413ACB2098AAAA007E4B29 /* Release */ = {
			isa = XCBuildConfiguration;
			buildSettings = {
				ALWAYS_SEARCH_USER_PATHS = NO;
				CLANG_ANALYZER_NONNULL = YES;
				CLANG_ANALYZER_NUMBER_OBJECT_CONVERSION = YES_AGGRESSIVE;
				CLANG_CXX_LANGUAGE_STANDARD = "gnu++14";
				CLANG_CXX_LIBRARY = "libc++";
				CLANG_ENABLE_MODULES = YES;
				CLANG_ENABLE_OBJC_ARC = YES;
				CLANG_ENABLE_OBJC_WEAK = YES;
				CLANG_WARN_BLOCK_CAPTURE_AUTORELEASING = YES;
				CLANG_WARN_BOOL_CONVERSION = YES;
				CLANG_WARN_COMMA = YES;
				CLANG_WARN_CONSTANT_CONVERSION = YES;
				CLANG_WARN_DEPRECATED_OBJC_IMPLEMENTATIONS = YES;
				CLANG_WARN_DIRECT_OBJC_ISA_USAGE = YES_ERROR;
				CLANG_WARN_DOCUMENTATION_COMMENTS = YES;
				CLANG_WARN_EMPTY_BODY = YES;
				CLANG_WARN_ENUM_CONVERSION = YES;
				CLANG_WARN_INFINITE_RECURSION = YES;
				CLANG_WARN_INT_CONVERSION = YES;
				CLANG_WARN_NON_LITERAL_NULL_CONVERSION = YES;
				CLANG_WARN_OBJC_IMPLICIT_RETAIN_SELF = YES;
				CLANG_WARN_OBJC_LITERAL_CONVERSION = YES;
				CLANG_WARN_OBJC_ROOT_CLASS = YES_ERROR;
				CLANG_WARN_RANGE_LOOP_ANALYSIS = YES;
				CLANG_WARN_STRICT_PROTOTYPES = YES;
				CLANG_WARN_SUSPICIOUS_MOVE = YES;
				CLANG_WARN_UNGUARDED_AVAILABILITY = YES_AGGRESSIVE;
				CLANG_WARN_UNREACHABLE_CODE = YES;
				CLANG_WARN__DUPLICATE_METHOD_MATCH = YES;
				CODE_SIGN_IDENTITY = "iPhone Developer";
				COPY_PHASE_STRIP = NO;
				DEBUG_INFORMATION_FORMAT = "dwarf-with-dsym";
				ENABLE_NS_ASSERTIONS = NO;
				ENABLE_STRICT_OBJC_MSGSEND = YES;
				GCC_C_LANGUAGE_STANDARD = gnu11;
				GCC_NO_COMMON_BLOCKS = YES;
				GCC_WARN_64_TO_32_BIT_CONVERSION = YES;
				GCC_WARN_ABOUT_RETURN_TYPE = YES_ERROR;
				GCC_WARN_UNDECLARED_SELECTOR = YES;
				GCC_WARN_UNINITIALIZED_AUTOS = YES_AGGRESSIVE;
				GCC_WARN_UNUSED_FUNCTION = YES;
				GCC_WARN_UNUSED_VARIABLE = YES;
				IPHONEOS_DEPLOYMENT_TARGET = 11.3;
				MTL_ENABLE_DEBUG_INFO = NO;
				SDKROOT = iphoneos;
				SWIFT_COMPILATION_MODE = wholemodule;
				SWIFT_OPTIMIZATION_LEVEL = "-O";
				VALIDATE_PRODUCT = YES;
			};
			name = Release;
		};
		A2413ACD2098AAAA007E4B29 /* Debug */ = {
			isa = XCBuildConfiguration;
			buildSettings = {
				ASSETCATALOG_COMPILER_APPICON_NAME = AppIcon;
				CODE_SIGN_STYLE = Automatic;
				INFOPLIST_FILE = "swift_mobile-developer-pretest/Info.plist";
				LD_RUNPATH_SEARCH_PATHS = (
					"$(inherited)",
					"@executable_path/Frameworks",
				);
				PRODUCT_BUNDLE_IDENTIFIER = "com.chocolabs.swift-mobile-developer-pretest";
				PRODUCT_NAME = "$(TARGET_NAME)";
				SWIFT_VERSION = 4.0;
				TARGETED_DEVICE_FAMILY = "1,2";
			};
			name = Debug;
		};
		A2413ACE2098AAAA007E4B29 /* Release */ = {
			isa = XCBuildConfiguration;
			buildSettings = {
				ASSETCATALOG_COMPILER_APPICON_NAME = AppIcon;
				CODE_SIGN_STYLE = Automatic;
				INFOPLIST_FILE = "swift_mobile-developer-pretest/Info.plist";
				LD_RUNPATH_SEARCH_PATHS = (
					"$(inherited)",
					"@executable_path/Frameworks",
				);
				PRODUCT_BUNDLE_IDENTIFIER = "com.chocolabs.swift-mobile-developer-pretest";
				PRODUCT_NAME = "$(TARGET_NAME)";
				SWIFT_VERSION = 4.0;
				TARGETED_DEVICE_FAMILY = "1,2";
			};
			name = Release;
		};
		A2413AD02098AAAA007E4B29 /* Debug */ = {
			isa = XCBuildConfiguration;
			buildSettings = {
				ALWAYS_EMBED_SWIFT_STANDARD_LIBRARIES = YES;
				BUNDLE_LOADER = "$(TEST_HOST)";
				CODE_SIGN_STYLE = Automatic;
				INFOPLIST_FILE = "swift_mobile-developer-pretestTests/Info.plist";
				LD_RUNPATH_SEARCH_PATHS = (
					"$(inherited)",
					"@executable_path/Frameworks",
					"@loader_path/Frameworks",
				);
				PRODUCT_BUNDLE_IDENTIFIER = "com.chocolabs.swift-mobile-developer-pretestTests";
				PRODUCT_NAME = "$(TARGET_NAME)";
				SWIFT_VERSION = 4.0;
				TARGETED_DEVICE_FAMILY = "1,2";
				TEST_HOST = "$(BUILT_PRODUCTS_DIR)/swift_mobile-developer-pretest.app/swift_mobile-developer-pretest";
			};
			name = Debug;
		};
		A2413AD12098AAAA007E4B29 /* Release */ = {
			isa = XCBuildConfiguration;
			buildSettings = {
				ALWAYS_EMBED_SWIFT_STANDARD_LIBRARIES = YES;
				BUNDLE_LOADER = "$(TEST_HOST)";
				CODE_SIGN_STYLE = Automatic;
				INFOPLIST_FILE = "swift_mobile-developer-pretestTests/Info.plist";
				LD_RUNPATH_SEARCH_PATHS = (
					"$(inherited)",
					"@executable_path/Frameworks",
					"@loader_path/Frameworks",
				);
				PRODUCT_BUNDLE_IDENTIFIER = "com.chocolabs.swift-mobile-developer-pretestTests";
				PRODUCT_NAME = "$(TARGET_NAME)";
				SWIFT_VERSION = 4.0;
				TARGETED_DEVICE_FAMILY = "1,2";
				TEST_HOST = "$(BUILT_PRODUCTS_DIR)/swift_mobile-developer-pretest.app/swift_mobile-developer-pretest";
			};
			name = Release;
		};
/* End XCBuildConfiguration section */

/* Begin XCConfigurationList section */
		A2413AA82098AAA9007E4B29 /* Build configuration list for PBXProject "swift_mobile-developer-pretest" */ = {
			isa = XCConfigurationList;
			buildConfigurations = (
				A2413ACA2098AAAA007E4B29 /* Debug */,
				A2413ACB2098AAAA007E4B29 /* Release */,
			);
			defaultConfigurationIsVisible = 0;
			defaultConfigurationName = Release;
		};
		A2413ACC2098AAAA007E4B29 /* Build configuration list for PBXNativeTarget "swift_mobile-developer-pretest" */ = {
			isa = XCConfigurationList;
			buildConfigurations = (
				A2413ACD2098AAAA007E4B29 /* Debug */,
				A2413ACE2098AAAA007E4B29 /* Release */,
			);
			defaultConfigurationIsVisible = 0;
			defaultConfigurationName = Release;
		};
		A2413ACF2098AAAA007E4B29 /* Build configuration list for PBXNativeTarget "swift_mobile-developer-pretestTests" */ = {
			isa = XCConfigurationList;
			buildConfigurations = (
				A2413AD02098AAAA007E4B29 /* Debug */,
				A2413AD12098AAAA007E4B29 /* Release */,
			);
			defaultConfigurationIsVisible = 0;
			defaultConfigurationName = Release;
		};
/* End XCConfigurationList section */
	};
	rootObject = A2413AA52098AAA9007E4B29 /* Project object */;
}
